
Microsoft Visual Studio Solution File, Format Version 12.00
# Visual Studio 15
VisualStudioVersion = 15.0.27428.2037
MinimumVisualStudioVersion = 10.0.40219.1
Project("{FAE04EC0-301F-11D3-BF4B-00C04F79EFBC}") = "Discord Void Bot", "Discord Void Bot\Discord Void Bot.csproj", "{289D0EA8-DD6C-4BE2-B416-61360F4CF4D0}"
EndProject
Global
	GlobalSection(SolutionConfigurationPlatforms) = preSolution
		Debug|Any CPU = Debug|Any CPU
		Release|Any CPU = Release|Any CPU
	EndGlobalSection
	GlobalSection(ProjectConfigurationPlatforms) = postSolution
		{289D0EA8-DD6C-4BE2-B416-61360F4CF4D0}.Debug|Any CPU.ActiveCfg = Debug|Any CPU
		{289D0EA8-DD6C-4BE2-B416-61360F4CF4D0}.Debug|Any CPU.Build.0 = Debug|Any CPU
		{289D0EA8-DD6C-4BE2-B416-61360F4CF4D0}.Release|Any CPU.ActiveCfg = Release|Any CPU
		{289D0EA8-DD6C-4BE2-B416-61360F4CF4D0}.Release|Any CPU.Build.0 = Release|Any CPU
	EndGlobalSection
	GlobalSection(SolutionProperties) = preSolution
		HideSolutionNode = FALSE
	EndGlobalSection
	GlobalSection(ExtensibilityGlobals) = postSolution
		SolutionGuid = {FD447C57-3F7E-4CC6-A3DA-545271CA42F3}
	EndGlobalSection
EndGlobal
